
Microsoft Visual Studio Solution File, Format Version 12.00
# Visual Studio Version 17
VisualStudioVersion = 17.8.34525.116
MinimumVisualStudioVersion = 10.0.40219.1
Project("{FAE04EC0-301F-11D3-BF4B-00C04F79EFBC}") = "01 Async-Сonsistent-Execution", "01 Async-Сonsistent-Execution\01 Async-Сonsistent-Execution.csproj", "{BAF6B93E-DD0D-4A7B-8D4D-D8CDC75E1FE2}"
EndProject
Project("{FAE04EC0-301F-11D3-BF4B-00C04F79EFBC}") = "01 Async-Consistent-Execution-Tests", "..\..\tests\01 Async-Consistent-Execution-Tests\01 Async-Consistent-Execution-Tests.csproj", "{266BD969-526C-45B0-A958-0BF8B3EC142F}"
EndProject
Project("{FAE04EC0-301F-11D3-BF4B-00C04F79EFBC}") = "02 Partial-Sums", "02 Partial-Sums\02 Partial-Sums.csproj", "{E9030578-5685-4AA2-86B7-C502A1DD1076}"
EndProject
Project("{FAE04EC0-301F-11D3-BF4B-00C04F79EFBC}") = "02 Partial-Sums-Tests", "..\..\tests\02 Partial-Sums-Tests\02 Partial-Sums-Tests.csproj", "{2F1E1204-AFB6-40F3-A014-EB12477792C7}"
EndProject
Project("{FAE04EC0-301F-11D3-BF4B-00C04F79EFBC}") = "03 Clerk-Reference-System", "03 Clerk-Reference-System\03 Clerk-Reference-System.csproj", "{F00714A3-07B7-4AD7-9DDF-37891CC4495C}"
EndProject
Project("{FAE04EC0-301F-11D3-BF4B-00C04F79EFBC}") = "03 Clerk-Reference-System-Tests", "..\..\tests\03 Clerk-Reference-System-Tests\03 Clerk-Reference-System-Tests.csproj", "{4BB82811-76A7-41BC-BA8E-AAAA638EDB58}"
EndProject
Project("{FAE04EC0-301F-11D3-BF4B-00C04F79EFBC}") = "04 Sum-Representation-Finder", "04 Sum-Representation-Finder\04 Sum-Representation-Finder.csproj", "{5EC4C1A7-7DF8-4E41-B4D9-459DD89B7E10}"
EndProject
Project("{FAE04EC0-301F-11D3-BF4B-00C04F79EFBC}") = "04 Sum-Representation-Finder-Tests", "..\..\tests\04 Sum-Representation-Finder-Tests\04 Sum-Representation-Finder-Tests.csproj", "{597600CD-78D4-4A87-86FF-4FAC017A3CF7}"
EndProject
Global
	GlobalSection(SolutionConfigurationPlatforms) = preSolution
		Debug|Any CPU = Debug|Any CPU
		Release|Any CPU = Release|Any CPU
	EndGlobalSection
	GlobalSection(ProjectConfigurationPlatforms) = postSolution
		{BAF6B93E-DD0D-4A7B-8D4D-D8CDC75E1FE2}.Debug|Any CPU.ActiveCfg = Debug|Any CPU
		{BAF6B93E-DD0D-4A7B-8D4D-D8CDC75E1FE2}.Debug|Any CPU.Build.0 = Debug|Any CPU
		{BAF6B93E-DD0D-4A7B-8D4D-D8CDC75E1FE2}.Release|Any CPU.ActiveCfg = Release|Any CPU
		{BAF6B93E-DD0D-4A7B-8D4D-D8CDC75E1FE2}.Release|Any CPU.Build.0 = Release|Any CPU
		{266BD969-526C-45B0-A958-0BF8B3EC142F}.Debug|Any CPU.ActiveCfg = Debug|Any CPU
		{266BD969-526C-45B0-A958-0BF8B3EC142F}.Debug|Any CPU.Build.0 = Debug|Any CPU
		{266BD969-526C-45B0-A958-0BF8B3EC142F}.Release|Any CPU.ActiveCfg = Release|Any CPU
		{266BD969-526C-45B0-A958-0BF8B3EC142F}.Release|Any CPU.Build.0 = Release|Any CPU
		{E9030578-5685-4AA2-86B7-C502A1DD1076}.Debug|Any CPU.ActiveCfg = Debug|Any CPU
		{E9030578-5685-4AA2-86B7-C502A1DD1076}.Debug|Any CPU.Build.0 = Debug|Any CPU
		{E9030578-5685-4AA2-86B7-C502A1DD1076}.Release|Any CPU.ActiveCfg = Release|Any CPU
		{E9030578-5685-4AA2-86B7-C502A1DD1076}.Release|Any CPU.Build.0 = Release|Any CPU
		{2F1E1204-AFB6-40F3-A014-EB12477792C7}.Debug|Any CPU.ActiveCfg = Debug|Any CPU
		{2F1E1204-AFB6-40F3-A014-EB12477792C7}.Debug|Any CPU.Build.0 = Debug|Any CPU
		{2F1E1204-AFB6-40F3-A014-EB12477792C7}.Release|Any CPU.ActiveCfg = Release|Any CPU
		{2F1E1204-AFB6-40F3-A014-EB12477792C7}.Release|Any CPU.Build.0 = Release|Any CPU
		{F00714A3-07B7-4AD7-9DDF-37891CC4495C}.Debug|Any CPU.ActiveCfg = Debug|Any CPU
		{F00714A3-07B7-4AD7-9DDF-37891CC4495C}.Debug|Any CPU.Build.0 = Debug|Any CPU
		{F00714A3-07B7-4AD7-9DDF-37891CC4495C}.Release|Any CPU.ActiveCfg = Release|Any CPU
		{F00714A3-07B7-4AD7-9DDF-37891CC4495C}.Release|Any CPU.Build.0 = Release|Any CPU
		{4BB82811-76A7-41BC-BA8E-AAAA638EDB58}.Debug|Any CPU.ActiveCfg = Debug|Any CPU
		{4BB82811-76A7-41BC-BA8E-AAAA638EDB58}.Debug|Any CPU.Build.0 = Debug|Any CPU
		{4BB82811-76A7-41BC-BA8E-AAAA638EDB58}.Release|Any CPU.ActiveCfg = Release|Any CPU
		{4BB82811-76A7-41BC-BA8E-AAAA638EDB58}.Release|Any CPU.Build.0 = Release|Any CPU
		{5EC4C1A7-7DF8-4E41-B4D9-459DD89B7E10}.Debug|Any CPU.ActiveCfg = Debug|Any CPU
		{5EC4C1A7-7DF8-4E41-B4D9-459DD89B7E10}.Debug|Any CPU.Build.0 = Debug|Any CPU
		{5EC4C1A7-7DF8-4E41-B4D9-459DD89B7E10}.Release|Any CPU.ActiveCfg = Release|Any CPU
		{5EC4C1A7-7DF8-4E41-B4D9-459DD89B7E10}.Release|Any CPU.Build.0 = Release|Any CPU
		{597600CD-78D4-4A87-86FF-4FAC017A3CF7}.Debug|Any CPU.ActiveCfg = Debug|Any CPU
		{597600CD-78D4-4A87-86FF-4FAC017A3CF7}.Debug|Any CPU.Build.0 = Debug|Any CPU
		{597600CD-78D4-4A87-86FF-4FAC017A3CF7}.Release|Any CPU.ActiveCfg = Release|Any CPU
		{597600CD-78D4-4A87-86FF-4FAC017A3CF7}.Release|Any CPU.Build.0 = Release|Any CPU
	EndGlobalSection
	GlobalSection(SolutionProperties) = preSolution
		HideSolutionNode = FALSE
	EndGlobalSection
	GlobalSection(ExtensibilityGlobals) = postSolution
		SolutionGuid = {82590400-9B81-4EDF-9E72-35918A8687B5}
	EndGlobalSection
EndGlobal
